
Microsoft Visual Studio Solution File, Format Version 12.00
# Visual Studio Version 16
VisualStudioVersion = 25.0.1704.2
MinimumVisualStudioVersion = 10.0.40219.1
Project("{FAE04EC0-301F-11D3-BF4B-00C04F79EFBC}") = "BestBuyBestPractices", "BestBuyBestPractices\BestBuyBestPractices.csproj", "{EF559ECC-29F8-4042-8384-AA0C214AF5DD}"
EndProject
Global
	GlobalSection(SolutionConfigurationPlatforms) = preSolution
		Debug|Any CPU = Debug|Any CPU
		Release|Any CPU = Release|Any CPU
	EndGlobalSection
	GlobalSection(ProjectConfigurationPlatforms) = postSolution
		{EF559ECC-29F8-4042-8384-AA0C214AF5DD}.Debug|Any CPU.ActiveCfg = Debug|Any CPU
		{EF559ECC-29F8-4042-8384-AA0C214AF5DD}.Debug|Any CPU.Build.0 = Debug|Any CPU
		{EF559ECC-29F8-4042-8384-AA0C214AF5DD}.Release|Any CPU.ActiveCfg = Release|Any CPU
		{EF559ECC-29F8-4042-8384-AA0C214AF5DD}.Release|Any CPU.Build.0 = Release|Any CPU
	EndGlobalSection
	GlobalSection(SolutionProperties) = preSolution
		HideSolutionNode = FALSE
	EndGlobalSection
	GlobalSection(ExtensibilityGlobals) = postSolution
		SolutionGuid = {26DAE856-D6E2-483B-9F0E-32573E58B02D}
	EndGlobalSection
EndGlobal
